
Microsoft Visual Studio Solution File, Format Version 12.00
# Visual Studio Version 16
VisualStudioVersion = 16.0.29001.49
MinimumVisualStudioVersion = 10.0.40219.1
Project("{9A19103F-16F7-4668-BE54-9A1E7A4F7556}") = "Keepa.NET-Core", "Keepa.NET-Core\Keepa.NET-Core.csproj", "{73925FE5-F4CF-42AC-A1CE-ADBBFFEAFBF3}"
EndProject
Project("{9A19103F-16F7-4668-BE54-9A1E7A4F7556}") = "TestKeepa", "TestKeepa\TestKeepa.csproj", "{C3337D70-5138-42D9-9BFC-F931C6A889B8}"
EndProject
Project("{9A19103F-16F7-4668-BE54-9A1E7A4F7556}") = "LogService", "LogService\LogService.csproj", "{D94020C7-01CC-4FA6-8711-2869A4781127}"
EndProject
Global
	GlobalSection(SolutionConfigurationPlatforms) = preSolution
		Debug|Any CPU = Debug|Any CPU
		Debug|x64 = Debug|x64
		Release|Any CPU = Release|Any CPU
		Release|x64 = Release|x64
	EndGlobalSection
	GlobalSection(ProjectConfigurationPlatforms) = postSolution
		{73925FE5-F4CF-42AC-A1CE-ADBBFFEAFBF3}.Debug|Any CPU.ActiveCfg = Debug|Any CPU
		{73925FE5-F4CF-42AC-A1CE-ADBBFFEAFBF3}.Debug|Any CPU.Build.0 = Debug|Any CPU
		{73925FE5-F4CF-42AC-A1CE-ADBBFFEAFBF3}.Debug|x64.ActiveCfg = Debug|Any CPU
		{73925FE5-F4CF-42AC-A1CE-ADBBFFEAFBF3}.Debug|x64.Build.0 = Debug|Any CPU
		{73925FE5-F4CF-42AC-A1CE-ADBBFFEAFBF3}.Release|Any CPU.ActiveCfg = Release|Any CPU
		{73925FE5-F4CF-42AC-A1CE-ADBBFFEAFBF3}.Release|Any CPU.Build.0 = Release|Any CPU
		{73925FE5-F4CF-42AC-A1CE-ADBBFFEAFBF3}.Release|x64.ActiveCfg = Release|Any CPU
		{73925FE5-F4CF-42AC-A1CE-ADBBFFEAFBF3}.Release|x64.Build.0 = Release|Any CPU
		{C3337D70-5138-42D9-9BFC-F931C6A889B8}.Debug|Any CPU.ActiveCfg = Debug|Any CPU
		{C3337D70-5138-42D9-9BFC-F931C6A889B8}.Debug|Any CPU.Build.0 = Debug|Any CPU
		{C3337D70-5138-42D9-9BFC-F931C6A889B8}.Debug|x64.ActiveCfg = Debug|Any CPU
		{C3337D70-5138-42D9-9BFC-F931C6A889B8}.Debug|x64.Build.0 = Debug|Any CPU
		{C3337D70-5138-42D9-9BFC-F931C6A889B8}.Release|Any CPU.ActiveCfg = Release|Any CPU
		{C3337D70-5138-42D9-9BFC-F931C6A889B8}.Release|Any CPU.Build.0 = Release|Any CPU
		{C3337D70-5138-42D9-9BFC-F931C6A889B8}.Release|x64.ActiveCfg = Release|Any CPU
		{C3337D70-5138-42D9-9BFC-F931C6A889B8}.Release|x64.Build.0 = Release|Any CPU
		{D94020C7-01CC-4FA6-8711-2869A4781127}.Debug|Any CPU.ActiveCfg = Debug|Any CPU
		{D94020C7-01CC-4FA6-8711-2869A4781127}.Debug|Any CPU.Build.0 = Debug|Any CPU
		{D94020C7-01CC-4FA6-8711-2869A4781127}.Debug|x64.ActiveCfg = Debug|x64
		{D94020C7-01CC-4FA6-8711-2869A4781127}.Debug|x64.Build.0 = Debug|x64
		{D94020C7-01CC-4FA6-8711-2869A4781127}.Release|Any CPU.ActiveCfg = Release|Any CPU
		{D94020C7-01CC-4FA6-8711-2869A4781127}.Release|Any CPU.Build.0 = Release|Any CPU
		{D94020C7-01CC-4FA6-8711-2869A4781127}.Release|x64.ActiveCfg = Release|x64
		{D94020C7-01CC-4FA6-8711-2869A4781127}.Release|x64.Build.0 = Release|x64
	EndGlobalSection
	GlobalSection(SolutionProperties) = preSolution
		HideSolutionNode = FALSE
	EndGlobalSection
	GlobalSection(ExtensibilityGlobals) = postSolution
		SolutionGuid = {8E0F3726-E9BC-4FD5-9723-DB6AAB5545AE}
	EndGlobalSection
EndGlobal
